
Microsoft Visual Studio Solution File, Format Version 12.00
# Visual Studio Version 17
VisualStudioVersion = 17.9.34728.123
MinimumVisualStudioVersion = 10.0.40219.1
Project("{FAE04EC0-301F-11D3-BF4B-00C04F79EFBC}") = "ConsoleApp1", "ConsoleApp1\ConsoleApp1.csproj", "{2FB3398D-56CF-4020-8548-8A023B8B9539}"
EndProject
Global
	GlobalSection(SolutionConfigurationPlatforms) = preSolution
		Debug|Any CPU = Debug|Any CPU
		Release|Any CPU = Release|Any CPU
	EndGlobalSection
	GlobalSection(ProjectConfigurationPlatforms) = postSolution
		{2FB3398D-56CF-4020-8548-8A023B8B9539}.Debug|Any CPU.ActiveCfg = Debug|Any CPU
		{2FB3398D-56CF-4020-8548-8A023B8B9539}.Debug|Any CPU.Build.0 = Debug|Any CPU
		{2FB3398D-56CF-4020-8548-8A023B8B9539}.Release|Any CPU.ActiveCfg = Release|Any CPU
		{2FB3398D-56CF-4020-8548-8A023B8B9539}.Release|Any CPU.Build.0 = Release|Any CPU
	EndGlobalSection
	GlobalSection(SolutionProperties) = preSolution
		HideSolutionNode = FALSE
	EndGlobalSection
	GlobalSection(ExtensibilityGlobals) = postSolution
		SolutionGuid = {75F70F11-CB7E-4650-A0F8-83F8E252953D}
	EndGlobalSection
EndGlobal
