
Microsoft Visual Studio Solution File, Format Version 12.00
# Visual Studio Version 17
VisualStudioVersion = 17.9.34902.65
MinimumVisualStudioVersion = 10.0.40219.1
Project("{FAE04EC0-301F-11D3-BF4B-00C04F79EFBC}") = "THINGY", "THINGY\THINGY.csproj", "{443C282C-469A-4CF7-83B0-9799F426BE03}"
EndProject
Global
	GlobalSection(SolutionConfigurationPlatforms) = preSolution
		Debug|Any CPU = Debug|Any CPU
		Release|Any CPU = Release|Any CPU
	EndGlobalSection
	GlobalSection(ProjectConfigurationPlatforms) = postSolution
		{443C282C-469A-4CF7-83B0-9799F426BE03}.Debug|Any CPU.ActiveCfg = Debug|Any CPU
		{443C282C-469A-4CF7-83B0-9799F426BE03}.Debug|Any CPU.Build.0 = Debug|Any CPU
		{443C282C-469A-4CF7-83B0-9799F426BE03}.Release|Any CPU.ActiveCfg = Release|Any CPU
		{443C282C-469A-4CF7-83B0-9799F426BE03}.Release|Any CPU.Build.0 = Release|Any CPU
	EndGlobalSection
	GlobalSection(SolutionProperties) = preSolution
		HideSolutionNode = FALSE
	EndGlobalSection
	GlobalSection(ExtensibilityGlobals) = postSolution
		SolutionGuid = {44F5C2A1-4998-47A6-8152-669891EB15BC}
	EndGlobalSection
EndGlobal
